
Microsoft Visual Studio Solution File, Format Version 12.00
# Visual Studio Version 17
VisualStudioVersion = 17.4.33205.214
MinimumVisualStudioVersion = 10.0.40219.1
Project("{9A19103F-16F7-4668-BE54-9A1E7A4F7556}") = "SimpleExcelGenerator", "src\SimpleExcelGenerator.csproj", "{EC1883B6-3139-49B5-96FF-99C4519525BF}"
EndProject
Project("{9A19103F-16F7-4668-BE54-9A1E7A4F7556}") = "ConsoleApp", "testes\ConsoleApp\ConsoleApp.csproj", "{4A7AE923-6527-4527-BDCD-401E41A171F7}"
EndProject
Project("{9A19103F-16F7-4668-BE54-9A1E7A4F7556}") = "UnitTest", "testes\UnitTest\UnitTest.csproj", "{538D5308-4FCD-4BC7-AF0E-4D2F4549A7FA}"
EndProject
Project("{9A19103F-16F7-4668-BE54-9A1E7A4F7556}") = "WebAPI", "testes\AspNETCore.WebAPI\WebAPI.csproj", "{58F280B9-95CA-4232-B33D-BE322EB4C205}"
EndProject
Project("{FAE04EC0-301F-11D3-BF4B-00C04F79EFBC}") = "BenchmarkExcel", "BenchmarkExcel\BenchmarkExcel.csproj", "{2DE1884F-859E-49DA-940D-85A888B63121}"
EndProject
Global
	GlobalSection(SolutionConfigurationPlatforms) = preSolution
		Debug|Any CPU = Debug|Any CPU
		Release|Any CPU = Release|Any CPU
	EndGlobalSection
	GlobalSection(ProjectConfigurationPlatforms) = postSolution
		{EC1883B6-3139-49B5-96FF-99C4519525BF}.Debug|Any CPU.ActiveCfg = Debug|Any CPU
		{EC1883B6-3139-49B5-96FF-99C4519525BF}.Debug|Any CPU.Build.0 = Debug|Any CPU
		{EC1883B6-3139-49B5-96FF-99C4519525BF}.Release|Any CPU.ActiveCfg = Release|Any CPU
		{EC1883B6-3139-49B5-96FF-99C4519525BF}.Release|Any CPU.Build.0 = Release|Any CPU
		{4A7AE923-6527-4527-BDCD-401E41A171F7}.Debug|Any CPU.ActiveCfg = Debug|Any CPU
		{4A7AE923-6527-4527-BDCD-401E41A171F7}.Debug|Any CPU.Build.0 = Debug|Any CPU
		{4A7AE923-6527-4527-BDCD-401E41A171F7}.Release|Any CPU.ActiveCfg = Release|Any CPU
		{4A7AE923-6527-4527-BDCD-401E41A171F7}.Release|Any CPU.Build.0 = Release|Any CPU
		{538D5308-4FCD-4BC7-AF0E-4D2F4549A7FA}.Debug|Any CPU.ActiveCfg = Debug|Any CPU
		{538D5308-4FCD-4BC7-AF0E-4D2F4549A7FA}.Debug|Any CPU.Build.0 = Debug|Any CPU
		{538D5308-4FCD-4BC7-AF0E-4D2F4549A7FA}.Release|Any CPU.ActiveCfg = Release|Any CPU
		{538D5308-4FCD-4BC7-AF0E-4D2F4549A7FA}.Release|Any CPU.Build.0 = Release|Any CPU
		{58F280B9-95CA-4232-B33D-BE322EB4C205}.Debug|Any CPU.ActiveCfg = Debug|Any CPU
		{58F280B9-95CA-4232-B33D-BE322EB4C205}.Debug|Any CPU.Build.0 = Debug|Any CPU
		{58F280B9-95CA-4232-B33D-BE322EB4C205}.Release|Any CPU.ActiveCfg = Release|Any CPU
		{58F280B9-95CA-4232-B33D-BE322EB4C205}.Release|Any CPU.Build.0 = Release|Any CPU
		{2DE1884F-859E-49DA-940D-85A888B63121}.Debug|Any CPU.ActiveCfg = Debug|Any CPU
		{2DE1884F-859E-49DA-940D-85A888B63121}.Debug|Any CPU.Build.0 = Debug|Any CPU
		{2DE1884F-859E-49DA-940D-85A888B63121}.Release|Any CPU.ActiveCfg = Release|Any CPU
		{2DE1884F-859E-49DA-940D-85A888B63121}.Release|Any CPU.Build.0 = Release|Any CPU
	EndGlobalSection
	GlobalSection(SolutionProperties) = preSolution
		HideSolutionNode = FALSE
	EndGlobalSection
	GlobalSection(ExtensibilityGlobals) = postSolution
		SolutionGuid = {8233DC1D-B15F-4B5B-AB01-D3B233F544F4}
	EndGlobalSection
EndGlobal
